
Microsoft Visual Studio Solution File, Format Version 12.00
# Visual Studio Version 17
VisualStudioVersion = 17.7.34024.191
MinimumVisualStudioVersion = 10.0.40219.1
Project("{9A19103F-16F7-4668-BE54-9A1E7A4F7556}") = "AudioWebApiDemo", "AudioWebApiDemo\AudioWebApiDemo.csproj", "{885479D1-1872-4606-883C-EC3ACF126989}"
EndProject
Global
	GlobalSection(SolutionConfigurationPlatforms) = preSolution
		Debug|Any CPU = Debug|Any CPU
		Release|Any CPU = Release|Any CPU
	EndGlobalSection
	GlobalSection(ProjectConfigurationPlatforms) = postSolution
		{885479D1-1872-4606-883C-EC3ACF126989}.Debug|Any CPU.ActiveCfg = Debug|Any CPU
		{885479D1-1872-4606-883C-EC3ACF126989}.Debug|Any CPU.Build.0 = Debug|Any CPU
		{885479D1-1872-4606-883C-EC3ACF126989}.Release|Any CPU.ActiveCfg = Release|Any CPU
		{885479D1-1872-4606-883C-EC3ACF126989}.Release|Any CPU.Build.0 = Release|Any CPU
	EndGlobalSection
	GlobalSection(SolutionProperties) = preSolution
		HideSolutionNode = FALSE
	EndGlobalSection
	GlobalSection(ExtensibilityGlobals) = postSolution
		SolutionGuid = {48537635-843E-4AD9-936F-A92BA8D63FFA}
	EndGlobalSection
EndGlobal
